
Microsoft Visual Studio Solution File, Format Version 12.00
# Visual Studio Version 17
VisualStudioVersion = 17.3.32811.315
MinimumVisualStudioVersion = 10.0.40219.1
Project("{8BC9CEB8-8B4A-11D0-8D11-00A0C91BC942}") = "app", "app\app.vcxproj", "{DC2BB684-7481-4050-AD8D-D39252038E70}"
EndProject
Global
	GlobalSection(SolutionConfigurationPlatforms) = preSolution
		Debug|x64 = Debug|x64
		Debug|x86 = Debug|x86
		Release|x64 = Release|x64
		Release|x86 = Release|x86
	EndGlobalSection
	GlobalSection(ProjectConfigurationPlatforms) = postSolution
		{DC2BB684-7481-4050-AD8D-D39252038E70}.Debug|x64.ActiveCfg = Debug|x64
		{DC2BB684-7481-4050-AD8D-D39252038E70}.Debug|x64.Build.0 = Debug|x64
		{DC2BB684-7481-4050-AD8D-D39252038E70}.Debug|x86.ActiveCfg = Debug|Win32
		{DC2BB684-7481-4050-AD8D-D39252038E70}.Debug|x86.Build.0 = Debug|Win32
		{DC2BB684-7481-4050-AD8D-D39252038E70}.Release|x64.ActiveCfg = Release|x64
		{DC2BB684-7481-4050-AD8D-D39252038E70}.Release|x64.Build.0 = Release|x64
		{DC2BB684-7481-4050-AD8D-D39252038E70}.Release|x86.ActiveCfg = Release|Win32
		{DC2BB684-7481-4050-AD8D-D39252038E70}.Release|x86.Build.0 = Release|Win32
	EndGlobalSection
	GlobalSection(SolutionProperties) = preSolution
		HideSolutionNode = FALSE
	EndGlobalSection
	GlobalSection(ExtensibilityGlobals) = postSolution
		SolutionGuid = {14A981F8-3EA2-434B-8ED2-676AE39283AE}
	EndGlobalSection
EndGlobal
